
Microsoft Visual Studio Solution File, Format Version 12.00
# Visual Studio Version 16
VisualStudioVersion = 16.0.29215.179
MinimumVisualStudioVersion = 10.0.40219.1
Project("{FAE04EC0-301F-11D3-BF4B-00C04F79EFBC}") = "MobileHandicapApp", "MobileHandicapApp.csproj", "{62FECA7B-7CF6-4655-9E59-CAE3CEC966DA}"
EndProject
Global
	GlobalSection(SolutionConfigurationPlatforms) = preSolution
		Debug|Any CPU = Debug|Any CPU
		Release|Any CPU = Release|Any CPU
	EndGlobalSection
	GlobalSection(ProjectConfigurationPlatforms) = postSolution
		{62FECA7B-7CF6-4655-9E59-CAE3CEC966DA}.Debug|Any CPU.ActiveCfg = Debug|Any CPU
		{62FECA7B-7CF6-4655-9E59-CAE3CEC966DA}.Debug|Any CPU.Build.0 = Debug|Any CPU
		{62FECA7B-7CF6-4655-9E59-CAE3CEC966DA}.Debug|Any CPU.Deploy.0 = Debug|Any CPU
		{62FECA7B-7CF6-4655-9E59-CAE3CEC966DA}.Release|Any CPU.ActiveCfg = Release|Any CPU
		{62FECA7B-7CF6-4655-9E59-CAE3CEC966DA}.Release|Any CPU.Build.0 = Release|Any CPU
		{62FECA7B-7CF6-4655-9E59-CAE3CEC966DA}.Release|Any CPU.Deploy.0 = Release|Any CPU
	EndGlobalSection
	GlobalSection(SolutionProperties) = preSolution
		HideSolutionNode = FALSE
	EndGlobalSection
	GlobalSection(ExtensibilityGlobals) = postSolution
		SolutionGuid = {0C36F935-93A9-44C4-B37F-3FFFFC4B6C38}
	EndGlobalSection
EndGlobal
